
Microsoft Visual Studio Solution File, Format Version 12.00
# Visual Studio 15
Project("{FAE04EC0-301F-11D3-BF4B-00C04F79EFBC}") = "Assembly-CSharp-Editor", "Assembly-CSharp-Editor.csproj", "{D524BEEA-689F-D31C-6FB8-001C69D8EADE}"
EndProject
Project("{FAE04EC0-301F-11D3-BF4B-00C04F79EFBC}") = "ParrelSync", "ParrelSync.csproj", "{848ACD41-4333-2A1C-67E4-72A1E2DE50F0}"
EndProject
Project("{FAE04EC0-301F-11D3-BF4B-00C04F79EFBC}") = "Assembly-CSharp", "Assembly-CSharp.csproj", "{EB651F69-AB30-2573-C92E-9E1B6527A99A}"
EndProject
Global
	GlobalSection(SolutionConfigurationPlatforms) = preSolution
		Debug|Any CPU = Debug|Any CPU
		Release|Any CPU = Release|Any CPU
	EndGlobalSection
	GlobalSection(ProjectConfigurationPlatforms) = postSolution
		{D524BEEA-689F-D31C-6FB8-001C69D8EADE}.Debug|Any CPU.ActiveCfg = Debug|Any CPU
		{D524BEEA-689F-D31C-6FB8-001C69D8EADE}.Debug|Any CPU.Build.0 = Debug|Any CPU
		{D524BEEA-689F-D31C-6FB8-001C69D8EADE}.Release|Any CPU.ActiveCfg = Release|Any CPU
		{D524BEEA-689F-D31C-6FB8-001C69D8EADE}.Release|Any CPU.Build.0 = Release|Any CPU
		{848ACD41-4333-2A1C-67E4-72A1E2DE50F0}.Debug|Any CPU.ActiveCfg = Debug|Any CPU
		{848ACD41-4333-2A1C-67E4-72A1E2DE50F0}.Debug|Any CPU.Build.0 = Debug|Any CPU
		{848ACD41-4333-2A1C-67E4-72A1E2DE50F0}.Release|Any CPU.ActiveCfg = Release|Any CPU
		{848ACD41-4333-2A1C-67E4-72A1E2DE50F0}.Release|Any CPU.Build.0 = Release|Any CPU
		{EB651F69-AB30-2573-C92E-9E1B6527A99A}.Debug|Any CPU.ActiveCfg = Debug|Any CPU
		{EB651F69-AB30-2573-C92E-9E1B6527A99A}.Debug|Any CPU.Build.0 = Debug|Any CPU
		{EB651F69-AB30-2573-C92E-9E1B6527A99A}.Release|Any CPU.ActiveCfg = Release|Any CPU
		{EB651F69-AB30-2573-C92E-9E1B6527A99A}.Release|Any CPU.Build.0 = Release|Any CPU
	EndGlobalSection
	GlobalSection(SolutionProperties) = preSolution
		HideSolutionNode = FALSE
	EndGlobalSection
EndGlobal
