
Microsoft Visual Studio Solution File, Format Version 12.00
# Visual Studio 15
Project("{FAE04EC0-301F-11D3-BF4B-00C04F79EFBC}") = "Assembly-CSharp", "Assembly-CSharp.csproj", "{1902AF91-BE13-7F36-4FC8-78BDFBA641F5}"
EndProject
Project("{FAE04EC0-301F-11D3-BF4B-00C04F79EFBC}") = "CFXRRuntime", "CFXRRuntime.csproj", "{B5763C47-1520-7061-E491-A9522BD684F8}"
EndProject
Project("{FAE04EC0-301F-11D3-BF4B-00C04F79EFBC}") = "Assembly-CSharp-Editor", "Assembly-CSharp-Editor.csproj", "{2CD9C9B0-76ED-D511-992E-17C96E0EC13C}"
EndProject
Project("{FAE04EC0-301F-11D3-BF4B-00C04F79EFBC}") = "CFXREditor", "CFXREditor.csproj", "{6830A254-99F2-02BC-461E-A3579E1C0425}"
EndProject
Project("{FAE04EC0-301F-11D3-BF4B-00C04F79EFBC}") = "ParrelSync", "ParrelSync.csproj", "{9E762379-26F1-A611-6A13-1CD1CE5C7AA5}"
EndProject
Project("{FAE04EC0-301F-11D3-BF4B-00C04F79EFBC}") = "ToonyColorsPro.Demo.Editor", "ToonyColorsPro.Demo.Editor.csproj", "{BBD4A848-A1A5-F3D0-69DB-48F8E2FB36D0}"
EndProject
Project("{FAE04EC0-301F-11D3-BF4B-00C04F79EFBC}") = "KinoBloom.Runtime", "KinoBloom.Runtime.csproj", "{C682BB98-6938-14C7-DEAA-C364E147D708}"
EndProject
Project("{FAE04EC0-301F-11D3-BF4B-00C04F79EFBC}") = "CFXRDemo", "CFXRDemo.csproj", "{FE542A07-47EE-8C3F-DC0A-99D96B226C93}"
EndProject
Project("{FAE04EC0-301F-11D3-BF4B-00C04F79EFBC}") = "CFXR.WelcomeScreen", "CFXR.WelcomeScreen.csproj", "{9003389D-3E0A-427D-125A-AD4F32ECF5ED}"
EndProject
Global
	GlobalSection(SolutionConfigurationPlatforms) = preSolution
		Debug|Any CPU = Debug|Any CPU
		Release|Any CPU = Release|Any CPU
	EndGlobalSection
	GlobalSection(ProjectConfigurationPlatforms) = postSolution
		{1902AF91-BE13-7F36-4FC8-78BDFBA641F5}.Debug|Any CPU.ActiveCfg = Debug|Any CPU
		{1902AF91-BE13-7F36-4FC8-78BDFBA641F5}.Debug|Any CPU.Build.0 = Debug|Any CPU
		{1902AF91-BE13-7F36-4FC8-78BDFBA641F5}.Release|Any CPU.ActiveCfg = Release|Any CPU
		{1902AF91-BE13-7F36-4FC8-78BDFBA641F5}.Release|Any CPU.Build.0 = Release|Any CPU
		{B5763C47-1520-7061-E491-A9522BD684F8}.Debug|Any CPU.ActiveCfg = Debug|Any CPU
		{B5763C47-1520-7061-E491-A9522BD684F8}.Debug|Any CPU.Build.0 = Debug|Any CPU
		{B5763C47-1520-7061-E491-A9522BD684F8}.Release|Any CPU.ActiveCfg = Release|Any CPU
		{B5763C47-1520-7061-E491-A9522BD684F8}.Release|Any CPU.Build.0 = Release|Any CPU
		{2CD9C9B0-76ED-D511-992E-17C96E0EC13C}.Debug|Any CPU.ActiveCfg = Debug|Any CPU
		{2CD9C9B0-76ED-D511-992E-17C96E0EC13C}.Debug|Any CPU.Build.0 = Debug|Any CPU
		{2CD9C9B0-76ED-D511-992E-17C96E0EC13C}.Release|Any CPU.ActiveCfg = Release|Any CPU
		{2CD9C9B0-76ED-D511-992E-17C96E0EC13C}.Release|Any CPU.Build.0 = Release|Any CPU
		{6830A254-99F2-02BC-461E-A3579E1C0425}.Debug|Any CPU.ActiveCfg = Debug|Any CPU
		{6830A254-99F2-02BC-461E-A3579E1C0425}.Debug|Any CPU.Build.0 = Debug|Any CPU
		{6830A254-99F2-02BC-461E-A3579E1C0425}.Release|Any CPU.ActiveCfg = Release|Any CPU
		{6830A254-99F2-02BC-461E-A3579E1C0425}.Release|Any CPU.Build.0 = Release|Any CPU
		{9E762379-26F1-A611-6A13-1CD1CE5C7AA5}.Debug|Any CPU.ActiveCfg = Debug|Any CPU
		{9E762379-26F1-A611-6A13-1CD1CE5C7AA5}.Debug|Any CPU.Build.0 = Debug|Any CPU
		{9E762379-26F1-A611-6A13-1CD1CE5C7AA5}.Release|Any CPU.ActiveCfg = Release|Any CPU
		{9E762379-26F1-A611-6A13-1CD1CE5C7AA5}.Release|Any CPU.Build.0 = Release|Any CPU
		{BBD4A848-A1A5-F3D0-69DB-48F8E2FB36D0}.Debug|Any CPU.ActiveCfg = Debug|Any CPU
		{BBD4A848-A1A5-F3D0-69DB-48F8E2FB36D0}.Debug|Any CPU.Build.0 = Debug|Any CPU
		{BBD4A848-A1A5-F3D0-69DB-48F8E2FB36D0}.Release|Any CPU.ActiveCfg = Release|Any CPU
		{BBD4A848-A1A5-F3D0-69DB-48F8E2FB36D0}.Release|Any CPU.Build.0 = Release|Any CPU
		{C682BB98-6938-14C7-DEAA-C364E147D708}.Debug|Any CPU.ActiveCfg = Debug|Any CPU
		{C682BB98-6938-14C7-DEAA-C364E147D708}.Debug|Any CPU.Build.0 = Debug|Any CPU
		{C682BB98-6938-14C7-DEAA-C364E147D708}.Release|Any CPU.ActiveCfg = Release|Any CPU
		{C682BB98-6938-14C7-DEAA-C364E147D708}.Release|Any CPU.Build.0 = Release|Any CPU
		{FE542A07-47EE-8C3F-DC0A-99D96B226C93}.Debug|Any CPU.ActiveCfg = Debug|Any CPU
		{FE542A07-47EE-8C3F-DC0A-99D96B226C93}.Debug|Any CPU.Build.0 = Debug|Any CPU
		{FE542A07-47EE-8C3F-DC0A-99D96B226C93}.Release|Any CPU.ActiveCfg = Release|Any CPU
		{FE542A07-47EE-8C3F-DC0A-99D96B226C93}.Release|Any CPU.Build.0 = Release|Any CPU
		{9003389D-3E0A-427D-125A-AD4F32ECF5ED}.Debug|Any CPU.ActiveCfg = Debug|Any CPU
		{9003389D-3E0A-427D-125A-AD4F32ECF5ED}.Debug|Any CPU.Build.0 = Debug|Any CPU
		{9003389D-3E0A-427D-125A-AD4F32ECF5ED}.Release|Any CPU.ActiveCfg = Release|Any CPU
		{9003389D-3E0A-427D-125A-AD4F32ECF5ED}.Release|Any CPU.Build.0 = Release|Any CPU
	EndGlobalSection
	GlobalSection(SolutionProperties) = preSolution
		HideSolutionNode = FALSE
	EndGlobalSection
EndGlobal
